
Microsoft Visual Studio Solution File, Format Version 12.00
# Visual Studio 15
VisualStudioVersion = 15.0.28307.421
MinimumVisualStudioVersion = 10.0.40219.1
Project("{FAE04EC0-301F-11D3-BF4B-00C04F79EFBC}") = "direktoriMember4", "direktoriMember4\direktoriMember4.csproj", "{DD567A43-E760-4F5C-AFAE-A3A6DFCFE29E}"
EndProject
Global
	GlobalSection(SolutionConfigurationPlatforms) = preSolution
		Debug|Any CPU = Debug|Any CPU
		Release|Any CPU = Release|Any CPU
	EndGlobalSection
	GlobalSection(ProjectConfigurationPlatforms) = postSolution
		{DD567A43-E760-4F5C-AFAE-A3A6DFCFE29E}.Debug|Any CPU.ActiveCfg = Debug|Any CPU
		{DD567A43-E760-4F5C-AFAE-A3A6DFCFE29E}.Debug|Any CPU.Build.0 = Debug|Any CPU
		{DD567A43-E760-4F5C-AFAE-A3A6DFCFE29E}.Release|Any CPU.ActiveCfg = Release|Any CPU
		{DD567A43-E760-4F5C-AFAE-A3A6DFCFE29E}.Release|Any CPU.Build.0 = Release|Any CPU
	EndGlobalSection
	GlobalSection(SolutionProperties) = preSolution
		HideSolutionNode = FALSE
	EndGlobalSection
	GlobalSection(ExtensibilityGlobals) = postSolution
		SolutionGuid = {73BCDE84-2788-44A7-8F6E-233B2C9E02ED}
	EndGlobalSection
EndGlobal
